
Microsoft Visual Studio Solution File, Format Version 12.00
# Visual Studio Version 16
VisualStudioVersion = 16.0.30907.101
MinimumVisualStudioVersion = 10.0.40219.1
Project("{9A19103F-16F7-4668-BE54-9A1E7A4F7556}") = "SendMarketingEmail.SES", "SendMarketingEmail.SES\SendMarketingEmail.SES.csproj", "{AA3037DA-D788-478A-9D84-8B46C42B2AB5}"
EndProject
Global
	GlobalSection(SolutionConfigurationPlatforms) = preSolution
		Debug|Any CPU = Debug|Any CPU
		Release|Any CPU = Release|Any CPU
	EndGlobalSection
	GlobalSection(ProjectConfigurationPlatforms) = postSolution
		{AA3037DA-D788-478A-9D84-8B46C42B2AB5}.Debug|Any CPU.ActiveCfg = Debug|Any CPU
		{AA3037DA-D788-478A-9D84-8B46C42B2AB5}.Debug|Any CPU.Build.0 = Debug|Any CPU
		{AA3037DA-D788-478A-9D84-8B46C42B2AB5}.Release|Any CPU.ActiveCfg = Release|Any CPU
		{AA3037DA-D788-478A-9D84-8B46C42B2AB5}.Release|Any CPU.Build.0 = Release|Any CPU
	EndGlobalSection
	GlobalSection(SolutionProperties) = preSolution
		HideSolutionNode = FALSE
	EndGlobalSection
	GlobalSection(ExtensibilityGlobals) = postSolution
		SolutionGuid = {406B5C78-12E9-460E-A00F-6D92B5E5E671}
	EndGlobalSection
	GlobalSection(TeamFoundationVersionControl) = preSolution
		SccNumberOfProjects = 2
		SccEnterpriseProvider = {4CA58AB2-18FA-4F8D-95D4-32DDF27D184C}
		SccTeamFoundationServer = https://hareramjha.visualstudio.com/
		SccLocalPath0 = .
		SccProjectUniqueName1 = SendMarketingEmail.SES\\SendMarketingEmail.SES.csproj
		SccProjectName1 = SendMarketingEmail.SES
		SccLocalPath1 = SendMarketingEmail.SES
	EndGlobalSection
EndGlobal
